
Microsoft Visual Studio Solution File, Format Version 12.00
# Visual Studio Version 17
VisualStudioVersion = 17.11.35327.3
MinimumVisualStudioVersion = 10.0.40219.1
Project("{9A19103F-16F7-4668-BE54-9A1E7A4F7556}") = "BlogCore", "BlogCore\BlogCore.csproj", "{2DC99EC1-55E7-4149-A2CD-6BD2CFCD6CCD}"
EndProject
Project("{FAE04EC0-301F-11D3-BF4B-00C04F79EFBC}") = "BlogCore.AccesoDatos", "BlogCore.AccesoDatos\BlogCore.AccesoDatos.csproj", "{D51C6BFF-AAA0-438F-A65B-DC45B26D08A3}"
EndProject
Project("{FAE04EC0-301F-11D3-BF4B-00C04F79EFBC}") = "BlogCore.Models", "BlogCore.Models\BlogCore.Models.csproj", "{CDD9DFF5-E23B-4A61-A691-6CF56AB86373}"
EndProject
Project("{FAE04EC0-301F-11D3-BF4B-00C04F79EFBC}") = "BlogCore.Utilidades", "BlogCore.Utilidades\BlogCore.Utilidades.csproj", "{B72705EE-BE51-435C-B4D7-BCCCDAE53F8A}"
EndProject
Global
	GlobalSection(SolutionConfigurationPlatforms) = preSolution
		Debug|Any CPU = Debug|Any CPU
		Release|Any CPU = Release|Any CPU
	EndGlobalSection
	GlobalSection(ProjectConfigurationPlatforms) = postSolution
		{2DC99EC1-55E7-4149-A2CD-6BD2CFCD6CCD}.Debug|Any CPU.ActiveCfg = Debug|Any CPU
		{2DC99EC1-55E7-4149-A2CD-6BD2CFCD6CCD}.Debug|Any CPU.Build.0 = Debug|Any CPU
		{2DC99EC1-55E7-4149-A2CD-6BD2CFCD6CCD}.Release|Any CPU.ActiveCfg = Release|Any CPU
		{2DC99EC1-55E7-4149-A2CD-6BD2CFCD6CCD}.Release|Any CPU.Build.0 = Release|Any CPU
		{D51C6BFF-AAA0-438F-A65B-DC45B26D08A3}.Debug|Any CPU.ActiveCfg = Debug|Any CPU
		{D51C6BFF-AAA0-438F-A65B-DC45B26D08A3}.Debug|Any CPU.Build.0 = Debug|Any CPU
		{D51C6BFF-AAA0-438F-A65B-DC45B26D08A3}.Release|Any CPU.ActiveCfg = Release|Any CPU
		{D51C6BFF-AAA0-438F-A65B-DC45B26D08A3}.Release|Any CPU.Build.0 = Release|Any CPU
		{CDD9DFF5-E23B-4A61-A691-6CF56AB86373}.Debug|Any CPU.ActiveCfg = Debug|Any CPU
		{CDD9DFF5-E23B-4A61-A691-6CF56AB86373}.Debug|Any CPU.Build.0 = Debug|Any CPU
		{CDD9DFF5-E23B-4A61-A691-6CF56AB86373}.Release|Any CPU.ActiveCfg = Release|Any CPU
		{CDD9DFF5-E23B-4A61-A691-6CF56AB86373}.Release|Any CPU.Build.0 = Release|Any CPU
		{B72705EE-BE51-435C-B4D7-BCCCDAE53F8A}.Debug|Any CPU.ActiveCfg = Debug|Any CPU
		{B72705EE-BE51-435C-B4D7-BCCCDAE53F8A}.Debug|Any CPU.Build.0 = Debug|Any CPU
		{B72705EE-BE51-435C-B4D7-BCCCDAE53F8A}.Release|Any CPU.ActiveCfg = Release|Any CPU
		{B72705EE-BE51-435C-B4D7-BCCCDAE53F8A}.Release|Any CPU.Build.0 = Release|Any CPU
	EndGlobalSection
	GlobalSection(SolutionProperties) = preSolution
		HideSolutionNode = FALSE
	EndGlobalSection
	GlobalSection(ExtensibilityGlobals) = postSolution
		SolutionGuid = {484FCBD2-B0F4-41F8-BF6B-6731FBBD27F2}
	EndGlobalSection
EndGlobal
